Microsoft Visual Studio Solution File, Format Version 12.00
# Visual Studio Version 17
VisualStudioVersion = 17.5.2.0
MinimumVisualStudioVersion = 10.0.40219.1
Project("{FAE04EC0-301F-11D3-BF4B-00C04F79EFBC}") = "c#dataCache3", "c#dataCache3.csproj", "{31DD4A34-B733-9E82-DC67-9C77D267AE39}"
EndProject
Global
	GlobalSection(SolutionConfigurationPlatforms) = preSolution
		Debug|Any CPU = Debug|Any CPU
		Release|Any CPU = Release|Any CPU
	EndGlobalSection
	GlobalSection(ProjectConfigurationPlatforms) = postSolution
		{31DD4A34-B733-9E82-DC67-9C77D267AE39}.Debug|Any CPU.ActiveCfg = Debug|Any CPU
		{31DD4A34-B733-9E82-DC67-9C77D267AE39}.Debug|Any CPU.Build.0 = Debug|Any CPU
		{31DD4A34-B733-9E82-DC67-9C77D267AE39}.Release|Any CPU.ActiveCfg = Release|Any CPU
		{31DD4A34-B733-9E82-DC67-9C77D267AE39}.Release|Any CPU.Build.0 = Release|Any CPU
	EndGlobalSection
	GlobalSection(SolutionProperties) = preSolution
		HideSolutionNode = FALSE
	EndGlobalSection
	GlobalSection(ExtensibilityGlobals) = postSolution
		SolutionGuid = {B5474B19-F8B4-41AF-9F56-328AAB831A21}
	EndGlobalSection
EndGlobal
